{
  "name": "checkprocessmemusage",
  "version": "0.0.1",
  "lockfileVersion": 1,
  "requires": true,
  "dependencies": {
    "deep_clonee": {
      "version": "0.1.5",
      "resolved": "https://registry.npmjs.org/deep_clonee/-/deep_clonee-0.1.5.tgz",
      "integrity": "sha512-YSRllgVaVaLeUl2MhaZFkhD9CSj2eHQHyUYAmL/72o5WIfgolfhcjzzuxYbnO1WoGJ+ySzIPV3FKnfUKmq8pCQ=="
    }
  }
}
